{
  "originHash" : "6c01e0b290e2ef529459a49ded6f1ad904d257e00eb8545535cfbd2605e6af05",
  "pins" : [
    {
      "identity" : "utf8viewextensions",
      "kind" : "remoteSourceControl",
      "location" : "https://github.com/strawdynamics/UTF8ViewExtensions.git",
      "state" : {
        "branch" : "main",
        "revision" : "babf8b80cff1dba41678ececccd3dc711bb9a975"
      }
    }
  ],
  "version" : 3
}
